{
  "name": "ssg-node-tools",
  "version": "1.0.0",
  "lockfileVersion": 3,
  "requires": true,
  "packages": {
    "": {
      "name": "ssg-node-tools",
      "version": "1.0.0",
      "license": "Apache-2.0",
      "dependencies": {
        "@alpinejs/focus": "3.14.9",
        "@alpinejs/persist": "3.14.9",
        "@hotwired/turbo": "8.0.23",
        "alpinejs": "3.14.9"
      }
    },
    "node_modules/@alpinejs/focus": {
      "version": "3.14.9",
      "resolved": "https://registry.npmjs.org/@alpinejs/focus/-/focus-3.14.9.tgz",
      "integrity": "sha512-+OMOcdkyEUr3gYWD0ZVqojLotI9D67F5BxGesDfZcPaGtNifXMoq0vt0UVDivGnXQXosOfNpO++GF4NzGrWE9Q==",
      "license": "MIT",
      "dependencies": {
        "focus-trap": "^6.9.4",
        "tabbable": "^5.3.3"
      }
    },
    "node_modules/@alpinejs/persist": {
      "version": "3.14.9",
      "resolved": "https://registry.npmjs.org/@alpinejs/persist/-/persist-3.14.9.tgz",
      "integrity": "sha512-Td9hWEUtFFguYCRjXhq06sDultW21wXUnVro7YWJm+vjGu/nV/v3hepOXyYVjkGvH/F+zjx5UkzWXXzr3UiQ/w==",
      "license": "MIT"
    },
    "node_modules/@hotwired/turbo": {
      "version": "8.0.23",
      "resolved": "https://registry.npmjs.org/@hotwired/turbo/-/turbo-8.0.23.tgz",
      "integrity": "sha512-GZ7cijxEZ6Ig71u7rD6LHaRv/wcE/hNsc+nEfiWOkLNqUgLOwo5MNGWOy5ZV9ZUDSiQx1no7YxjTNnT4O6//cQ==",
      "license": "MIT",
      "engines": {
        "node": ">= 18"
      }
    },
    "node_modules/@vue/reactivity": {
      "version": "3.1.5",
      "resolved": "https://registry.npmjs.org/@vue/reactivity/-/reactivity-3.1.5.tgz",
      "integrity": "sha512-1tdfLmNjWG6t/CsPldh+foumYFo3cpyCHgBYQ34ylaMsJ+SNHQ1kApMIa8jN+i593zQuaw3AdWH0nJTARzCFhg==",
      "license": "MIT",
      "dependencies": {
        "@vue/shared": "3.1.5"
      }
    },
    "node_modules/@vue/shared": {
      "version": "3.1.5",
      "resolved": "https://registry.npmjs.org/@vue/shared/-/shared-3.1.5.tgz",
      "integrity": "sha512-oJ4F3TnvpXaQwZJNF3ZK+kLPHKarDmJjJ6jyzVNDKH9md1dptjC7lWR//jrGuLdek/U6iltWxqAnYOu8gCiOvA==",
      "license": "MIT"
    },
    "node_modules/alpinejs": {
      "version": "3.14.9",
      "resolved": "https://registry.npmjs.org/alpinejs/-/alpinejs-3.14.9.tgz",
      "integrity": "sha512-gqSOhTEyryU9FhviNqiHBHzgjkvtukq9tevew29fTj+ofZtfsYriw4zPirHHOAy9bw8QoL3WGhyk7QqCh5AYlw==",
      "license": "MIT",
      "dependencies": {
        "@vue/reactivity": "~3.1.1"
      }
    },
    "node_modules/focus-trap": {
      "version": "6.9.4",
      "resolved": "https://registry.npmjs.org/focus-trap/-/focus-trap-6.9.4.tgz",
      "integrity": "sha512-v2NTsZe2FF59Y+sDykKY+XjqZ0cPfhq/hikWVL88BqLivnNiEffAsac6rP6H45ff9wG9LL5ToiDqrLEP9GX9mw==",
      "license": "MIT",
      "dependencies": {
        "tabbable": "^5.3.3"
      }
    },
    "node_modules/tabbable": {
      "version": "5.3.3",
      "resolved": "https://registry.npmjs.org/tabbable/-/tabbable-5.3.3.tgz",
      "integrity": "sha512-QD9qKY3StfbZqWOPLp0++pOrAVb/HbUi5xCc8cUo4XjP19808oaMiDzn0leBY5mCespIBM0CIZePzZjgzR83kA==",
      "license": "MIT"
    }
  }
}
