# This file is automatically @generated by Cargo.
# It is not intended for manual editing.
version = 4

[[package]]
name = "adler2"
version = "2.0.1"
source = "registry+https://github.com/rust-lang/crates.io-index"
checksum = "320119579fcad9c21884f5c4861d16174d0e06250625266f50fe6898340abefa"

[[package]]
name = "base64"
version = "0.23.1"
source = "registry+https://github.com/rust-lang/crates.io-index"
checksum = "ac07cdecf99051d9a5238b80f35af32cdeba5b336e55d957b318b50137e18da5"

[[package]]
name = "cfg-if"
version = "1.0.5"
source = "registry+https://github.com/rust-lang/crates.io-index"
checksum = "4e7648175b45a9a48536d676f68d918270699102aa8dab5496df06904c914600"

[[package]]
name = "crc32fast"
version = "1.5.2"
source = "registry+https://github.com/rust-lang/crates.io-index"
checksum = "01a7799fd6b852db0e61728dde9a204c423b44d689dbd432522543614b490e78"
dependencies = [
 "cfg-if",
]

[[package]]
name = "flate2"
version = "1.1.10"
source = "registry+https://github.com/rust-lang/crates.io-index"
checksum = "6e634e2e0ebac1ee034020da1ca582e17ffe4e0f5e985823721e168928136dcb"
dependencies = [
 "crc32fast",
 "miniz_oxide",
 "zlib-rs",
]

[[package]]
name = "go-fmt"
version = "0.1.0"
dependencies = [
 "go-strconv",
 "go-time",
 "go-unicode",
 "go-value",
]

[[package]]
name = "go-html"
version = "0.1.0"

[[package]]
name = "go-json"
version = "0.1.0"
dependencies = [
 "base64",
 "go-strconv",
 "go-time",
 "go-unicode",
 "go-value",
]

[[package]]
name = "go-path"
version = "0.1.0"

[[package]]
name = "go-strconv"
version = "0.1.0"

[[package]]
name = "go-time"
version = "0.1.0"
dependencies = [
 "go-value",
]

[[package]]
name = "go-unicode"
version = "0.1.0"
dependencies = [
 "memchr",
]

[[package]]
name = "go-url"
version = "0.1.0"
dependencies = [
 "go-path",
 "go-strconv",
]

[[package]]
name = "go-value"
version = "0.1.0"

[[package]]
name = "gotemplate"
version = "0.1.0"
dependencies = [
 "flate2",
 "go-fmt",
 "go-html",
 "go-json",
 "go-strconv",
 "go-time",
 "go-unicode",
 "go-url",
 "go-value",
]

[[package]]
name = "memchr"
version = "2.8.3"
source = "registry+https://github.com/rust-lang/crates.io-index"
checksum = "cf8baf1c55e62ffcace7a9f06f4bd9cd3f0c4beb022d3b367256b91b87513d98"

[[package]]
name = "miniz_oxide"
version = "0.9.1"
source = "registry+https://github.com/rust-lang/crates.io-index"
checksum = "b63fbc4a50860e98e7b2aa7804ded1db5cbc3aff9193adaff57a6931bf7c4b4c"
dependencies = [
 "adler2",
 "simd-adler32",
]

[[package]]
name = "simd-adler32"
version = "0.3.10"
source = "registry+https://github.com/rust-lang/crates.io-index"
checksum = "3a219298ac11a56ea9a6d2120044824d6f01aeb034955e7af7bc16858527deea"

[[package]]
name = "zlib-rs"
version = "0.6.8"
source = "registry+https://github.com/rust-lang/crates.io-index"
checksum = "b268e58e7c693d7c271f93ffc4ba3b380412554231c85bf61ca7af91042a4112"
