# This file is automatically @generated by Cargo.
# It is not intended for manual editing.
version = 4

[[package]]
name = "adler2"
version = "2.0.1"
source = "registry+https://github.com/rust-lang/crates.io-index"
checksum = "320119579fcad9c21884f5c4861d16174d0e06250625266f50fe6898340abefa"

[[package]]
name = "aho-corasick"
version = "1.1.5"
source = "registry+https://github.com/rust-lang/crates.io-index"
checksum = "c982642fa9e8606056828ee9a8505737230110bb1099153c79efe865c59d12ba"
dependencies = [
 "memchr",
]

[[package]]
name = "cfg-if"
version = "1.0.5"
source = "registry+https://github.com/rust-lang/crates.io-index"
checksum = "4e7648175b45a9a48536d676f68d918270699102aa8dab5496df06904c914600"

[[package]]
name = "crc32fast"
version = "1.5.2"
source = "registry+https://github.com/rust-lang/crates.io-index"
checksum = "01a7799fd6b852db0e61728dde9a204c423b44d689dbd432522543614b490e78"
dependencies = [
 "cfg-if",
]

[[package]]
name = "flate2"
version = "1.1.10"
source = "registry+https://github.com/rust-lang/crates.io-index"
checksum = "6e634e2e0ebac1ee034020da1ca582e17ffe4e0f5e985823721e168928136dcb"
dependencies = [
 "crc32fast",
 "miniz_oxide",
]

[[package]]
name = "go-sort"
version = "0.1.0"

[[package]]
name = "go-strconv"
version = "0.1.0"

[[package]]
name = "go-unicode"
version = "0.1.0"
dependencies = [
 "memchr",
]

[[package]]
name = "memchr"
version = "2.8.3"
source = "registry+https://github.com/rust-lang/crates.io-index"
checksum = "cf8baf1c55e62ffcace7a9f06f4bd9cd3f0c4beb022d3b367256b91b87513d98"

[[package]]
name = "miniz_oxide"
version = "0.9.1"
source = "registry+https://github.com/rust-lang/crates.io-index"
checksum = "b63fbc4a50860e98e7b2aa7804ded1db5cbc3aff9193adaff57a6931bf7c4b4c"
dependencies = [
 "adler2",
 "simd-adler32",
]

[[package]]
name = "regex"
version = "1.13.1"
source = "registry+https://github.com/rust-lang/crates.io-index"
checksum = "f020237b6c8eed93db2e2cb53c00c60a8e1bc73da7d073199a1180401450218d"
dependencies = [
 "aho-corasick",
 "memchr",
 "regex-automata",
 "regex-syntax",
]

[[package]]
name = "regex-automata"
version = "0.4.18"
source = "registry+https://github.com/rust-lang/crates.io-index"
checksum = "ad8553b9b26413251cbf30e620595c7a41b3887f03da04579c0e6b0d6a06b4b2"
dependencies = [
 "aho-corasick",
 "memchr",
 "regex-syntax",
]

[[package]]
name = "regex-syntax"
version = "0.8.11"
source = "registry+https://github.com/rust-lang/crates.io-index"
checksum = "d6f6ff9a378485b298a5286656da665ba74413d36db0979633275d2e708145d4"

[[package]]
name = "simd-adler32"
version = "0.3.10"
source = "registry+https://github.com/rust-lang/crates.io-index"
checksum = "3a219298ac11a56ea9a6d2120044824d6f01aeb034955e7af7bc16858527deea"

[[package]]
name = "tdewolff-minify"
version = "0.1.0"
dependencies = [
 "go-sort",
 "go-strconv",
 "regex",
 "tdewolff-parse",
]

[[package]]
name = "tdewolff-minify-js"
version = "0.1.0"
dependencies = [
 "flate2",
 "go-sort",
 "go-strconv",
 "go-unicode",
 "tdewolff-minify",
 "tdewolff-parse",
 "tdewolff-parse-js",
]

[[package]]
name = "tdewolff-parse"
version = "0.1.0"
dependencies = [
 "go-unicode",
]

[[package]]
name = "tdewolff-parse-js"
version = "0.1.0"
dependencies = [
 "go-sort",
 "go-unicode",
 "tdewolff-parse",
]
